
Microsoft Visual Studio Solution File, Format Version 12.00
# Visual Studio Version 17
VisualStudioVersion = 17.4.33213.308
MinimumVisualStudioVersion = 10.0.40219.1
Project("{FAE04EC0-301F-11D3-BF4B-00C04F79EFBC}") = "TessteLogica", "TessteLogica.csproj", "{66C207D4-4895-4B38-9F07-65518AA5F85D}"
EndProject
Global
	GlobalSection(SolutionConfigurationPlatforms) = preSolution
		Debug|Any CPU = Debug|Any CPU
		Release|Any CPU = Release|Any CPU
	EndGlobalSection
	GlobalSection(ProjectConfigurationPlatforms) = postSolution
		{66C207D4-4895-4B38-9F07-65518AA5F85D}.Debug|Any CPU.ActiveCfg = Debug|Any CPU
		{66C207D4-4895-4B38-9F07-65518AA5F85D}.Debug|Any CPU.Build.0 = Debug|Any CPU
		{66C207D4-4895-4B38-9F07-65518AA5F85D}.Release|Any CPU.ActiveCfg = Release|Any CPU
		{66C207D4-4895-4B38-9F07-65518AA5F85D}.Release|Any CPU.Build.0 = Release|Any CPU
	EndGlobalSection
	GlobalSection(SolutionProperties) = preSolution
		HideSolutionNode = FALSE
	EndGlobalSection
	GlobalSection(ExtensibilityGlobals) = postSolution
		SolutionGuid = {45901B11-79E2-4949-9748-B53785E5407D}
	EndGlobalSection
EndGlobal
