
Microsoft Visual Studio Solution File, Format Version 12.00
# Visual Studio Version 17
VisualStudioVersion = 17.4.33213.308
MinimumVisualStudioVersion = 10.0.40219.1
Project("{FAE04EC0-301F-11D3-BF4B-00C04F79EFBC}") = "Exercicio2", "Exercicio2.csproj", "{DDBD9860-7993-4BF2-A1E7-CEA6C7A109C9}"
EndProject
Global
	GlobalSection(SolutionConfigurationPlatforms) = preSolution
		Debug|Any CPU = Debug|Any CPU
		Release|Any CPU = Release|Any CPU
	EndGlobalSection
	GlobalSection(ProjectConfigurationPlatforms) = postSolution
		{DDBD9860-7993-4BF2-A1E7-CEA6C7A109C9}.Debug|Any CPU.ActiveCfg = Debug|Any CPU
		{DDBD9860-7993-4BF2-A1E7-CEA6C7A109C9}.Debug|Any CPU.Build.0 = Debug|Any CPU
		{DDBD9860-7993-4BF2-A1E7-CEA6C7A109C9}.Release|Any CPU.ActiveCfg = Release|Any CPU
		{DDBD9860-7993-4BF2-A1E7-CEA6C7A109C9}.Release|Any CPU.Build.0 = Release|Any CPU
	EndGlobalSection
	GlobalSection(SolutionProperties) = preSolution
		HideSolutionNode = FALSE
	EndGlobalSection
	GlobalSection(ExtensibilityGlobals) = postSolution
		SolutionGuid = {6D17E4FB-2D85-4608-B252-0E3C9AACA031}
	EndGlobalSection
EndGlobal
